
Microsoft Visual Studio Solution File, Format Version 11.00
# Visual Studio 2010
Project("{FAE04EC0-301F-11D3-BF4B-00C04F79EFBC}") = "Ansl", "Ansl\Ansl.csproj", "{8BD12D75-32C5-45A8-B996-5F2E6FAA669C}"
EndProject
Project("{FAE04EC0-301F-11D3-BF4B-00C04F79EFBC}") = "Ansl.TestHarness", "Ansl.TestHarness\Ansl.TestHarness.csproj", "{9326C8A7-7772-419A-9FDF-023F14D0119E}"
EndProject
Project("{FAE04EC0-301F-11D3-BF4B-00C04F79EFBC}") = "Ansl.Tests", "Ansl.Tests\Ansl.Tests.csproj", "{0981EC42-388F-494D-8737-D526D404DC81}"
EndProject
Project("{2150E333-8FDC-42A3-9474-1A3956D46DE8}") = "Solution Items", "Solution Items", "{CBC61008-DDE9-49EF-82AB-1A864B7AD031}"
	ProjectSection(SolutionItems) = preProject
		Ansl.vsmdi = Ansl.vsmdi
		Local.testsettings = Local.testsettings
		README = README
		TraceAndTestImpact.testsettings = TraceAndTestImpact.testsettings
	EndProjectSection
EndProject
Global
	GlobalSection(TestCaseManagementSettings) = postSolution
		CategoryFile = Ansl.vsmdi
	EndGlobalSection
	GlobalSection(SolutionConfigurationPlatforms) = preSolution
		Debug|Any CPU = Debug|Any CPU
		Debug|Mixed Platforms = Debug|Mixed Platforms
		Debug|x86 = Debug|x86
		Release|Any CPU = Release|Any CPU
		Release|Mixed Platforms = Release|Mixed Platforms
		Release|x86 = Release|x86
	EndGlobalSection
	GlobalSection(ProjectConfigurationPlatforms) = postSolution
		{8BD12D75-32C5-45A8-B996-5F2E6FAA669C}.Debug|Any CPU.ActiveCfg = Debug|Any CPU
		{8BD12D75-32C5-45A8-B996-5F2E6FAA669C}.Debug|Any CPU.Build.0 = Debug|Any CPU
		{8BD12D75-32C5-45A8-B996-5F2E6FAA669C}.Debug|Mixed Platforms.ActiveCfg = Debug|Any CPU
		{8BD12D75-32C5-45A8-B996-5F2E6FAA669C}.Debug|Mixed Platforms.Build.0 = Debug|Any CPU
		{8BD12D75-32C5-45A8-B996-5F2E6FAA669C}.Debug|x86.ActiveCfg = Debug|Any CPU
		{8BD12D75-32C5-45A8-B996-5F2E6FAA669C}.Release|Any CPU.ActiveCfg = Release|Any CPU
		{8BD12D75-32C5-45A8-B996-5F2E6FAA669C}.Release|Any CPU.Build.0 = Release|Any CPU
		{8BD12D75-32C5-45A8-B996-5F2E6FAA669C}.Release|Mixed Platforms.ActiveCfg = Release|Any CPU
		{8BD12D75-32C5-45A8-B996-5F2E6FAA669C}.Release|Mixed Platforms.Build.0 = Release|Any CPU
		{8BD12D75-32C5-45A8-B996-5F2E6FAA669C}.Release|x86.ActiveCfg = Release|Any CPU
		{9326C8A7-7772-419A-9FDF-023F14D0119E}.Debug|Any CPU.ActiveCfg = Debug|x86
		{9326C8A7-7772-419A-9FDF-023F14D0119E}.Debug|Mixed Platforms.ActiveCfg = Debug|x86
		{9326C8A7-7772-419A-9FDF-023F14D0119E}.Debug|Mixed Platforms.Build.0 = Debug|x86
		{9326C8A7-7772-419A-9FDF-023F14D0119E}.Debug|x86.ActiveCfg = Debug|x86
		{9326C8A7-7772-419A-9FDF-023F14D0119E}.Debug|x86.Build.0 = Debug|x86
		{9326C8A7-7772-419A-9FDF-023F14D0119E}.Release|Any CPU.ActiveCfg = Release|x86
		{9326C8A7-7772-419A-9FDF-023F14D0119E}.Release|Mixed Platforms.ActiveCfg = Release|x86
		{9326C8A7-7772-419A-9FDF-023F14D0119E}.Release|Mixed Platforms.Build.0 = Release|x86
		{9326C8A7-7772-419A-9FDF-023F14D0119E}.Release|x86.ActiveCfg = Release|x86
		{9326C8A7-7772-419A-9FDF-023F14D0119E}.Release|x86.Build.0 = Release|x86
		{0981EC42-388F-494D-8737-D526D404DC81}.Debug|Any CPU.ActiveCfg = Debug|Any CPU
		{0981EC42-388F-494D-8737-D526D404DC81}.Debug|Any CPU.Build.0 = Debug|Any CPU
		{0981EC42-388F-494D-8737-D526D404DC81}.Debug|Mixed Platforms.ActiveCfg = Debug|Any CPU
		{0981EC42-388F-494D-8737-D526D404DC81}.Debug|Mixed Platforms.Build.0 = Debug|Any CPU
		{0981EC42-388F-494D-8737-D526D404DC81}.Debug|x86.ActiveCfg = Debug|Any CPU
		{0981EC42-388F-494D-8737-D526D404DC81}.Release|Any CPU.ActiveCfg = Release|Any CPU
		{0981EC42-388F-494D-8737-D526D404DC81}.Release|Any CPU.Build.0 = Release|Any CPU
		{0981EC42-388F-494D-8737-D526D404DC81}.Release|Mixed Platforms.ActiveCfg = Release|Any CPU
		{0981EC42-388F-494D-8737-D526D404DC81}.Release|Mixed Platforms.Build.0 = Release|Any CPU
		{0981EC42-388F-494D-8737-D526D404DC81}.Release|x86.ActiveCfg = Release|Any CPU
	EndGlobalSection
	GlobalSection(SolutionProperties) = preSolution
		HideSolutionNode = FALSE
	EndGlobalSection
EndGlobal
